
Microsoft Visual Studio Solution File, Format Version 12.00
# Visual Studio 15
VisualStudioVersion = 15.0.28307.1169
MinimumVisualStudioVersion = 10.0.40219.1
Project("{FAE04EC0-301F-11D3-BF4B-00C04F79EFBC}") = "KTGK", "KTGK\KTGK.csproj", "{976666F9-5F87-4833-B4EC-DB02397301C4}"
EndProject
Project("{FAE04EC0-301F-11D3-BF4B-00C04F79EFBC}") = "WebView", "WebView\WebView.csproj", "{FC3B0FE6-F064-4571-915A-56461DB4C359}"
EndProject
Global
	GlobalSection(SolutionConfigurationPlatforms) = preSolution
		Debug|Any CPU = Debug|Any CPU
		Release|Any CPU = Release|Any CPU
	EndGlobalSection
	GlobalSection(ProjectConfigurationPlatforms) = postSolution
		{976666F9-5F87-4833-B4EC-DB02397301C4}.Debug|Any CPU.ActiveCfg = Debug|Any CPU
		{976666F9-5F87-4833-B4EC-DB02397301C4}.Debug|Any CPU.Build.0 = Debug|Any CPU
		{976666F9-5F87-4833-B4EC-DB02397301C4}.Release|Any CPU.ActiveCfg = Release|Any CPU
		{976666F9-5F87-4833-B4EC-DB02397301C4}.Release|Any CPU.Build.0 = Release|Any CPU
		{FC3B0FE6-F064-4571-915A-56461DB4C359}.Debug|Any CPU.ActiveCfg = Debug|Any CPU
		{FC3B0FE6-F064-4571-915A-56461DB4C359}.Debug|Any CPU.Build.0 = Debug|Any CPU
		{FC3B0FE6-F064-4571-915A-56461DB4C359}.Release|Any CPU.ActiveCfg = Release|Any CPU
		{FC3B0FE6-F064-4571-915A-56461DB4C359}.Release|Any CPU.Build.0 = Release|Any CPU
	EndGlobalSection
	GlobalSection(SolutionProperties) = preSolution
		HideSolutionNode = FALSE
	EndGlobalSection
	GlobalSection(ExtensibilityGlobals) = postSolution
		SolutionGuid = {A5BEB7F9-C237-4CF2-8CA2-4D62B9523E92}
	EndGlobalSection
EndGlobal
